<?xml version="1.0" encoding="UTF-8" standalone="yes" ?>
<CodeBlocks_project_file>
	<FileVersion major="1" minor="6" />
	<Project>
		<Option title="P2" />
		<Option pch_mode="2" />
		<Option compiler="gcc" />
		<Build>
			<Target title="Debug">
				<Option output="bin/Debug/P2" prefix_auto="1" extension_auto="1" />
				<Option object_output="obj/Debug/" />
				<Option type="1" />
				<Option compiler="gcc" />
				<Compiler>
					<Add option="-g" />
				</Compiler>
			</Target>
			<Target title="Release">
				<Option output="bin/Release/P2" prefix_auto="1" extension_auto="1" />
				<Option object_output="obj/Release/" />
				<Option type="1" />
				<Option compiler="gcc" />
				<Compiler>
					<Add option="-O2" />
				</Compiler>
				<Linker>
					<Add option="-s" />
				</Linker>
			</Target>
		</Build>
		<Compiler>
			<Add option="-Wall" />
		</Compiler>
		<Unit filename="Employee/employee.h" />
		<Unit filename="FuncAux/baseDeDados.c">
			<Option compilerVar="CC" />
		</Unit>
		<Unit filename="FuncAux/baseDeDados.h" />
		<Unit filename="FuncAux/embaralhaVet.c">
			<Option compilerVar="CC" />
		</Unit>
		<Unit filename="FuncAux/embaralhaVet.h" />
		<Unit filename="FuncAux/leRegEmployee.c">
			<Option compilerVar="CC" />
		</Unit>
		<Unit filename="FuncAux/leRegEmployee.h" />
		<Unit filename="FuncAux/printEmp.c">
			<Option compilerVar="CC" />
		</Unit>
		<Unit filename="FuncAux/printEmp.h" />
		<Unit filename="FuncAux/printID.c">
			<Option compilerVar="CC" />
		</Unit>
		<Unit filename="FuncAux/printID.h" />
		<Unit filename="FuncAux/reservatorio.c">
			<Option compilerVar="CC" />
		</Unit>
		<Unit filename="FuncAux/reservatorio.h" />
		<Unit filename="FuncAux/salvaRegistro.c">
			<Option compilerVar="CC" />
		</Unit>
		<Unit filename="FuncAux/salvaRegistro.h" />
		<Unit filename="FuncAux/tamArq.c">
			<Option compilerVar="CC" />
		</Unit>
		<Unit filename="FuncAux/tamArq.h" />
		<Unit filename="Hash/CreateDataBase.c">
			<Option compilerVar="CC" />
		</Unit>
		<Unit filename="Hash/CreateDataBase.h" />
		<Unit filename="Hash/DeleteHashTable.c">
			<Option compilerVar="CC" />
		</Unit>
		<Unit filename="Hash/DeleteHashTable.h" />
		<Unit filename="Hash/HashTable .c">
			<Option compilerVar="CC" />
		</Unit>
		<Unit filename="Hash/HashTable .h" />
		<Unit filename="Hash/InsertHashTable.c">
			<Option compilerVar="CC" />
		</Unit>
		<Unit filename="Hash/InsertHashTable.h" />
		<Unit filename="Hash/MakePartitionHashTable.c">
			<Option compilerVar="CC" />
		</Unit>
		<Unit filename="Hash/MakePartitionHashTable.h" />
		<Unit filename="Hash/SearchHashTable.c">
			<Option compilerVar="CC" />
		</Unit>
		<Unit filename="Hash/SearchHashTable.h" />
		<Unit filename="MetodosBusca/buscaBinaria.c">
			<Option compilerVar="CC" />
		</Unit>
		<Unit filename="MetodosBusca/buscaBinaria.h" />
		<Unit filename="MetodosBusca/buscaSequencial.c">
			<Option compilerVar="CC" />
		</Unit>
		<Unit filename="MetodosBusca/buscaSequencial.h" />
		<Unit filename="ProcedimentosPrincipais/encontraArquivo.c">
			<Option compilerVar="CC" />
		</Unit>
		<Unit filename="ProcedimentosPrincipais/procedimentoFileIfNotNull.c">
			<Option compilerVar="CC" />
		</Unit>
		<Unit filename="SelectionMethod/s.h" />
		<Unit filename="SelectionMethod/selecNatural.c">
			<Option compilerVar="CC" />
		</Unit>
		<Unit filename="SelectionMethod/selecSubs.c">
			<Option compilerVar="CC" />
		</Unit>
		<Unit filename="SelectionMethod/selecSubs.h" />
		<Unit filename="main.c">
			<Option compilerVar="CC" />
		</Unit>
		<Extensions>
			<lib_finder disable_auto="1" />
		</Extensions>
	</Project>
</CodeBlocks_project_file>
